
Microsoft Visual Studio Solution File, Format Version 12.00
# Visual Studio Version 16
VisualStudioVersion = 16.0.30517.126
MinimumVisualStudioVersion = 10.0.40219.1
Project("{FAE04EC0-301F-11D3-BF4B-00C04F79EFBC}") = "UniversityCodeFirst", "UniversityCodeFirst\UniversityCodeFirst.csproj", "{932F86CA-2B30-4E01-9D61-1AEAB24896F6}"
EndProject
Global
	GlobalSection(SolutionConfigurationPlatforms) = preSolution
		Debug|Any CPU = Debug|Any CPU
		Release|Any CPU = Release|Any CPU
	EndGlobalSection
	GlobalSection(ProjectConfigurationPlatforms) = postSolution
		{932F86CA-2B30-4E01-9D61-1AEAB24896F6}.Debug|Any CPU.ActiveCfg = Debug|Any CPU
		{932F86CA-2B30-4E01-9D61-1AEAB24896F6}.Debug|Any CPU.Build.0 = Debug|Any CPU
		{932F86CA-2B30-4E01-9D61-1AEAB24896F6}.Release|Any CPU.ActiveCfg = Release|Any CPU
		{932F86CA-2B30-4E01-9D61-1AEAB24896F6}.Release|Any CPU.Build.0 = Release|Any CPU
	EndGlobalSection
	GlobalSection(SolutionProperties) = preSolution
		HideSolutionNode = FALSE
	EndGlobalSection
	GlobalSection(ExtensibilityGlobals) = postSolution
		SolutionGuid = {C31B2BC9-6D11-4DFE-B3D6-6854FADF56F8}
	EndGlobalSection
EndGlobal
